// !$*UTF8*$!
{
	archiveVersion = 1;
	classes = {
	};
	objectVersion = 56;
	objects = {

/* Begin PBXBuildFile section */
		18512B40298FD17700F71511 /* ProgressViewController.swift in Sources */ = {isa = PBXBuildFile; fileRef = 18512B3F298FD17700F71511 /* ProgressViewController.swift */; };
		56C4FDA8299505C0002B8FAF /* answerCorrect.mp3 in Resources */ = {isa = PBXBuildFile; fileRef = 56C4FDA4299505BF002B8FAF /* answerCorrect.mp3 */; };
		56C4FDA9299505C0002B8FAF /* answerWrong.mp3 in Resources */ = {isa = PBXBuildFile; fileRef = 56C4FDA5299505BF002B8FAF /* answerWrong.mp3 */; };
		56C4FDAA299505C0002B8FAF /* timeGoing.mp3 in Resources */ = {isa = PBXBuildFile; fileRef = 56C4FDA6299505BF002B8FAF /* timeGoing.mp3 */; };
		56C4FDAB299505C0002B8FAF /* answerAccepted.mp3 in Resources */ = {isa = PBXBuildFile; fileRef = 56C4FDA7299505C0002B8FAF /* answerAccepted.mp3 */; };
		56C4FDAD299508E2002B8FAF /* mainSound.mp3 in Resources */ = {isa = PBXBuildFile; fileRef = 56C4FDAC299508E2002B8FAF /* mainSound.mp3 */; };
		C3A13DB3298FC64600AE2302 /* MainViewController.swift in Sources */ = {isa = PBXBuildFile; fileRef = C3A13DB2298FC64600AE2302 /* MainViewController.swift */; };
		C3A13DB5298FD79F00AE2302 /* GradientsColors.swift in Sources */ = {isa = PBXBuildFile; fileRef = C3A13DB4298FD79F00AE2302 /* GradientsColors.swift */; };
		CC715943298F80CB00400F0B /* AppDelegate.swift in Sources */ = {isa = PBXBuildFile; fileRef = CC715942298F80CB00400F0B /* AppDelegate.swift */; };
		CC715945298F80CB00400F0B /* SceneDelegate.swift in Sources */ = {isa = PBXBuildFile; fileRef = CC715944298F80CB00400F0B /* SceneDelegate.swift */; };
		CC715947298F80CB00400F0B /* WelocmeViewController.swift in Sources */ = {isa = PBXBuildFile; fileRef = CC715946298F80CB00400F0B /* WelocmeViewController.swift */; };
		CC71594C298F80CD00400F0B /* Assets.xcassets in Resources */ = {isa = PBXBuildFile; fileRef = CC71594B298F80CD00400F0B /* Assets.xcassets */; };
		CC71594F298F80CD00400F0B /* LaunchScreen.storyboard in Resources */ = {isa = PBXBuildFile; fileRef = CC71594D298F80CD00400F0B /* LaunchScreen.storyboard */; };
		CC715958298F85C500400F0B /* Question.swift in Sources */ = {isa = PBXBuildFile; fileRef = CC715957298F85C500400F0B /* Question.swift */; };
		CC71595E2991245700400F0B /* FinalController.swift in Sources */ = {isa = PBXBuildFile; fileRef = CC71595D2991245700400F0B /* FinalController.swift */; };
		CC715960299124FE00400F0B /* FinalView.swift in Sources */ = {isa = PBXBuildFile; fileRef = CC71595F299124FE00400F0B /* FinalView.swift */; };
		CC7159622991471D00400F0B /* AnswerButton.swift in Sources */ = {isa = PBXBuildFile; fileRef = CC7159612991471D00400F0B /* AnswerButton.swift */; };
		CC715964299161B000400F0B /* questions.json in Resources */ = {isa = PBXBuildFile; fileRef = CC715963299161AF00400F0B /* questions.json */; };
		CC7159662992390200400F0B /* PeoplesHelperView.swift in Sources */ = {isa = PBXBuildFile; fileRef = CC7159652992390100400F0B /* PeoplesHelperView.swift */; };
		CC7159682992CB0F00400F0B /* QuestionManager.swift in Sources */ = {isa = PBXBuildFile; fileRef = CC7159672992CB0F00400F0B /* QuestionManager.swift */; };
		CC71596A2993E3BD00400F0B /* HelperButton.swift in Sources */ = {isa = PBXBuildFile; fileRef = CC7159692993E3BD00400F0B /* HelperButton.swift */; };
		CC71597029953D7300400F0B /* UIView + Extensions.swift in Sources */ = {isa = PBXBuildFile; fileRef = CC71596F29953D7300400F0B /* UIView + Extensions.swift */; };
		CC71597229956B8600400F0B /* GiveMyMoneyButton.swift in Sources */ = {isa = PBXBuildFile; fileRef = CC71597129956B8600400F0B /* GiveMyMoneyButton.swift */; };
		CC71597429969EA400400F0B /* SoundsManager + timer.swift in Sources */ = {isa = PBXBuildFile; fileRef = CC71597329969EA300400F0B /* SoundsManager + timer.swift */; };
		D85E549D29900B2600BE7980 /* UIFont + Extensions.swift in Sources */ = {isa = PBXBuildFile; fileRef = D85E549C29900B2600BE7980 /* UIFont + Extensions.swift */; };
		D85E54A129900BE900BE7980 /* Roboto-Bold.ttf in Resources */ = {isa = PBXBuildFile; fileRef = D85E549F29900BE900BE7980 /* Roboto-Bold.ttf */; };
		D85E54A229900BE900BE7980 /* Roboto-Medium.ttf in Resources */ = {isa = PBXBuildFile; fileRef = D85E54A029900BE900BE7980 /* Roboto-Medium.ttf */; };
		D85E54A42990184D00BE7980 /* UIColor + Extensions.swift in Sources */ = {isa = PBXBuildFile; fileRef = D85E54A32990184D00BE7980 /* UIColor + Extensions.swift */; };
		D85E54A629901E9500BE7980 /* String + Extensions.swift in Sources */ = {isa = PBXBuildFile; fileRef = D85E54A529901E9500BE7980 /* String + Extensions.swift */; };
		D85E54A829903D1F00BE7980 /* RuleViewController.swift in Sources */ = {isa = PBXBuildFile; fileRef = D85E54A729903D1F00BE7980 /* RuleViewController.swift */; };
		D8E4318D29964A0600433492 /* RatingVC.swift in Sources */ = {isa = PBXBuildFile; fileRef = D8E4318C29964A0600433492 /* RatingVC.swift */; };
		D8E431902996543D00433492 /* RatingCustomCell.swift in Sources */ = {isa = PBXBuildFile; fileRef = D8E4318F2996543D00433492 /* RatingCustomCell.swift */; };
		D8E431922996571700433492 /* UIStackView + Extension.swift in Sources */ = {isa = PBXBuildFile; fileRef = D8E431912996571700433492 /* UIStackView + Extension.swift */; };
		D8FFD72B2995807500FFCED5 /* Player.swift in Sources */ = {isa = PBXBuildFile; fileRef = D8FFD72A2995807500FFCED5 /* Player.swift */; };
		D8FFD72E2995875700FFCED5 /* Realm in Frameworks */ = {isa = PBXBuildFile; productRef = D8FFD72D2995875700FFCED5 /* Realm */; };
		D8FFD7302995875700FFCED5 /* RealmSwift in Frameworks */ = {isa = PBXBuildFile; productRef = D8FFD72F2995875700FFCED5 /* RealmSwift */; };
		D8FFD732299588A500FFCED5 /* RegistrationVC.swift in Sources */ = {isa = PBXBuildFile; fileRef = D8FFD731299588A500FFCED5 /* RegistrationVC.swift */; };
		D8FFD734299597F900FFCED5 /* UIViewController + Extensions.swift in Sources */ = {isa = PBXBuildFile; fileRef = D8FFD733299597F900FFCED5 /* UIViewController + Extensions.swift */; };
		D8FFD7372995A96000FFCED5 /* PlayerModel.swift in Sources */ = {isa = PBXBuildFile; fileRef = D8FFD7362995A96000FFCED5 /* PlayerModel.swift */; };
		D8FFD73A2995AA3A00FFCED5 /* RealmManager.swift in Sources */ = {isa = PBXBuildFile; fileRef = D8FFD7392995AA3A00FFCED5 /* RealmManager.swift */; };
/* End PBXBuildFile section */

/* Begin PBXFileReference section */
		18512B3F298FD17700F71511 /* ProgressViewController.swift */ = {isa = PBXFileReference; lastKnownFileType = sourcecode.swift; path = ProgressViewController.swift; sourceTree = "<group>"; };
		565609352992B3840033EC81 /* Syne-Medium.ttf */ = {isa = PBXFileReference; lastKnownFileType = file; path = "Syne-Medium.ttf"; sourceTree = "<group>"; };
		565609362992B3840033EC81 /* Syne-Regular.ttf */ = {isa = PBXFileReference; lastKnownFileType = file; path = "Syne-Regular.ttf"; sourceTree = "<group>"; };
		56C4FDA4299505BF002B8FAF /* answerCorrect.mp3 */ = {isa = PBXFileReference; lastKnownFileType = audio.mp3; path = answerCorrect.mp3; sourceTree = "<group>"; };
		56C4FDA5299505BF002B8FAF /* answerWrong.mp3 */ = {isa = PBXFileReference; lastKnownFileType = audio.mp3; path = answerWrong.mp3; sourceTree = "<group>"; };
		56C4FDA6299505BF002B8FAF /* timeGoing.mp3 */ = {isa = PBXFileReference; lastKnownFileType = audio.mp3; name = timeGoing.mp3; path = CHALLENGE_1/Resources/timeGoing.mp3; sourceTree = SOURCE_ROOT; };
		56C4FDA7299505C0002B8FAF /* answerAccepted.mp3 */ = {isa = PBXFileReference; lastKnownFileType = audio.mp3; path = answerAccepted.mp3; sourceTree = "<group>"; };
		56C4FDAC299508E2002B8FAF /* mainSound.mp3 */ = {isa = PBXFileReference; lastKnownFileType = audio.mp3; path = mainSound.mp3; sourceTree = "<group>"; };
		C3A13DB2298FC64600AE2302 /* MainViewController.swift */ = {isa = PBXFileReference; lastKnownFileType = sourcecode.swift; path = MainViewController.swift; sourceTree = "<group>"; };
		C3A13DB4298FD79F00AE2302 /* GradientsColors.swift */ = {isa = PBXFileReference; lastKnownFileType = sourcecode.swift; path = GradientsColors.swift; sourceTree = "<group>"; };
		CC71593F298F80CB00400F0B /* CHALLENGE_1.app */ = {isa = PBXFileReference; explicitFileType = wrapper.application; includeInIndex = 0; path = CHALLENGE_1.app; sourceTree = BUILT_PRODUCTS_DIR; };
		CC715942298F80CB00400F0B /* AppDelegate.swift */ = {isa = PBXFileReference; lastKnownFileType = sourcecode.swift; path = AppDelegate.swift; sourceTree = "<group>"; };
		CC715944298F80CB00400F0B /* SceneDelegate.swift */ = {isa = PBXFileReference; lastKnownFileType = sourcecode.swift; path = SceneDelegate.swift; sourceTree = "<group>"; };
		CC715946298F80CB00400F0B /* WelocmeViewController.swift */ = {isa = PBXFileReference; lastKnownFileType = sourcecode.swift; path = WelocmeViewController.swift; sourceTree = "<group>"; };
		CC71594B298F80CD00400F0B /* Assets.xcassets */ = {isa = PBXFileReference; lastKnownFileType = folder.assetcatalog; path = Assets.xcassets; sourceTree = "<group>"; };
		CC71594E298F80CD00400F0B /* Base */ = {isa = PBXFileReference; lastKnownFileType = file.storyboard; name = Base; path = Base.lproj/LaunchScreen.storyboard; sourceTree = "<group>"; };
		CC715950298F80CD00400F0B /* Info.plist */ = {isa = PBXFileReference; lastKnownFileType = text.plist.xml; path = Info.plist; sourceTree = "<group>"; };
		CC715957298F85C500400F0B /* Question.swift */ = {isa = PBXFileReference; lastKnownFileType = sourcecode.swift; path = Question.swift; sourceTree = "<group>"; };
		CC71595D2991245700400F0B /* FinalController.swift */ = {isa = PBXFileReference; lastKnownFileType = sourcecode.swift; path = FinalController.swift; sourceTree = "<group>"; };
		CC71595F299124FE00400F0B /* FinalView.swift */ = {isa = PBXFileReference; lastKnownFileType = sourcecode.swift; path = FinalView.swift; sourceTree = "<group>"; };
		CC7159612991471D00400F0B /* AnswerButton.swift */ = {isa = PBXFileReference; lastKnownFileType = sourcecode.swift; path = AnswerButton.swift; sourceTree = "<group>"; };
		CC715963299161AF00400F0B /* questions.json */ = {isa = PBXFileReference; fileEncoding = 4; lastKnownFileType = text.json; path = questions.json; sourceTree = "<group>"; };
		CC7159652992390100400F0B /* PeoplesHelperView.swift */ = {isa = PBXFileReference; lastKnownFileType = sourcecode.swift; path = PeoplesHelperView.swift; sourceTree = "<group>"; };
		CC7159672992CB0F00400F0B /* QuestionManager.swift */ = {isa = PBXFileReference; lastKnownFileType = sourcecode.swift; path = QuestionManager.swift; sourceTree = "<group>"; };
		CC7159692993E3BD00400F0B /* HelperButton.swift */ = {isa = PBXFileReference; lastKnownFileType = sourcecode.swift; path = HelperButton.swift; sourceTree = "<group>"; };
		CC71596F29953D7300400F0B /* UIView + Extensions.swift */ = {isa = PBXFileReference; lastKnownFileType = sourcecode.swift; path = "UIView + Extensions.swift"; sourceTree = "<group>"; };
		CC71597129956B8600400F0B /* GiveMyMoneyButton.swift */ = {isa = PBXFileReference; lastKnownFileType = sourcecode.swift; path = GiveMyMoneyButton.swift; sourceTree = "<group>"; };
		CC71597329969EA300400F0B /* SoundsManager + timer.swift */ = {isa = PBXFileReference; fileEncoding = 4; lastKnownFileType = sourcecode.swift; path = "SoundsManager + timer.swift"; sourceTree = "<group>"; };
		D85E549C29900B2600BE7980 /* UIFont + Extensions.swift */ = {isa = PBXFileReference; lastKnownFileType = sourcecode.swift; path = "UIFont + Extensions.swift"; sourceTree = "<group>"; };
		D85E549F29900BE900BE7980 /* Roboto-Bold.ttf */ = {isa = PBXFileReference; lastKnownFileType = file; path = "Roboto-Bold.ttf"; sourceTree = "<group>"; };
		D85E54A029900BE900BE7980 /* Roboto-Medium.ttf */ = {isa = PBXFileReference; lastKnownFileType = file; path = "Roboto-Medium.ttf"; sourceTree = "<group>"; };
		D85E54A32990184D00BE7980 /* UIColor + Extensions.swift */ = {isa = PBXFileReference; lastKnownFileType = sourcecode.swift; path = "UIColor + Extensions.swift"; sourceTree = "<group>"; };
		D85E54A529901E9500BE7980 /* String + Extensions.swift */ = {isa = PBXFileReference; lastKnownFileType = sourcecode.swift; path = "String + Extensions.swift"; sourceTree = "<group>"; };
		D85E54A729903D1F00BE7980 /* RuleViewController.swift */ = {isa = PBXFileReference; lastKnownFileType = sourcecode.swift; path = RuleViewController.swift; sourceTree = "<group>"; };
		D8E4318C29964A0600433492 /* RatingVC.swift */ = {isa = PBXFileReference; lastKnownFileType = sourcecode.swift; path = RatingVC.swift; sourceTree = "<group>"; };
		D8E4318F2996543D00433492 /* RatingCustomCell.swift */ = {isa = PBXFileReference; lastKnownFileType = sourcecode.swift; path = RatingCustomCell.swift; sourceTree = "<group>"; };
		D8E431912996571700433492 /* UIStackView + Extension.swift */ = {isa = PBXFileReference; lastKnownFileType = sourcecode.swift; path = "UIStackView + Extension.swift"; sourceTree = "<group>"; };
		D8FFD72A2995807500FFCED5 /* Player.swift */ = {isa = PBXFileReference; lastKnownFileType = sourcecode.swift; path = Player.swift; sourceTree = "<group>"; };
		D8FFD731299588A500FFCED5 /* RegistrationVC.swift */ = {isa = PBXFileReference; lastKnownFileType = sourcecode.swift; path = RegistrationVC.swift; sourceTree = "<group>"; };
		D8FFD733299597F900FFCED5 /* UIViewController + Extensions.swift */ = {isa = PBXFileReference; lastKnownFileType = sourcecode.swift; path = "UIViewController + Extensions.swift"; sourceTree = "<group>"; };
		D8FFD7362995A96000FFCED5 /* PlayerModel.swift */ = {isa = PBXFileReference; lastKnownFileType = sourcecode.swift; path = PlayerModel.swift; sourceTree = "<group>"; };
		D8FFD7392995AA3A00FFCED5 /* RealmManager.swift */ = {isa = PBXFileReference; lastKnownFileType = sourcecode.swift; path = RealmManager.swift; sourceTree = "<group>"; };
/* End PBXFileReference section */

/* Begin PBXFrameworksBuildPhase section */
		CC71593C298F80CB00400F0B /* Frameworks */ = {
			isa = PBXFrameworksBuildPhase;
			buildActionMask = 2147483647;
			files = (
				D8FFD7302995875700FFCED5 /* RealmSwift in Frameworks */,
				D8FFD72E2995875700FFCED5 /* Realm in Frameworks */,
			);
			runOnlyForDeploymentPostprocessing = 0;
		};
/* End PBXFrameworksBuildPhase section */

/* Begin PBXGroup section */
		565609332992B3630033EC81 /* Sounds */ = {
			isa = PBXGroup;
			children = (
				56C4FDA7299505C0002B8FAF /* answerAccepted.mp3 */,
				56C4FDA4299505BF002B8FAF /* answerCorrect.mp3 */,
				56C4FDAC299508E2002B8FAF /* mainSound.mp3 */,
				56C4FDA5299505BF002B8FAF /* answerWrong.mp3 */,
				56C4FDA6299505BF002B8FAF /* timeGoing.mp3 */,
			);
			path = Sounds;
			sourceTree = "<group>";
		};
		565609342992B3780033EC81 /* Fonts */ = {
			isa = PBXGroup;
			children = (
				565609352992B3840033EC81 /* Syne-Medium.ttf */,
				565609362992B3840033EC81 /* Syne-Regular.ttf */,
				D85E549F29900BE900BE7980 /* Roboto-Bold.ttf */,
				D85E54A029900BE900BE7980 /* Roboto-Medium.ttf */,
			);
			path = Fonts;
			sourceTree = "<group>";
		};
		CC715936298F80CB00400F0B = {
			isa = PBXGroup;
			children = (
				CC715941298F80CB00400F0B /* CHALLENGE_1 */,
				CC715940298F80CB00400F0B /* Products */,
			);
			sourceTree = "<group>";
		};
		CC715940298F80CB00400F0B /* Products */ = {
			isa = PBXGroup;
			children = (
				CC71593F298F80CB00400F0B /* CHALLENGE_1.app */,
			);
			name = Products;
			sourceTree = "<group>";
		};
		CC715941298F80CB00400F0B /* CHALLENGE_1 */ = {
			isa = PBXGroup;
			children = (
				CC715963299161AF00400F0B /* questions.json */,
				D85E5499298FB70B00BE7980 /* Applications */,
				D8FFD7382995AA0D00FFCED5 /* Services */,
				CC715959298F85D400400F0B /* Model */,
				CC71595A298F85F800400F0B /* View */,
				CC715956298F859000400F0B /* Controller */,
				D85E549B29900AF400BE7980 /* Extensions */,
				D85E549E29900B9C00BE7980 /* Resources */,
				D85E549A298FB71900BE7980 /* Supporting files */,
			);
			path = CHALLENGE_1;
			sourceTree = "<group>";
		};
		CC715956298F859000400F0B /* Controller */ = {
			isa = PBXGroup;
			children = (
				18512B3F298FD17700F71511 /* ProgressViewController.swift */,
				C3A13DB2298FC64600AE2302 /* MainViewController.swift */,
				C3A13DB4298FD79F00AE2302 /* GradientsColors.swift */,
				CC715946298F80CB00400F0B /* WelocmeViewController.swift */,
				D85E54A729903D1F00BE7980 /* RuleViewController.swift */,
				CC71595D2991245700400F0B /* FinalController.swift */,
				D8FFD731299588A500FFCED5 /* RegistrationVC.swift */,
				D8E4318C29964A0600433492 /* RatingVC.swift */,
			);
			path = Controller;
			sourceTree = "<group>";
		};
		CC715959298F85D400400F0B /* Model */ = {
			isa = PBXGroup;
			children = (
				CC71597329969EA300400F0B /* SoundsManager + timer.swift */,
				D8FFD7352995A93B00FFCED5 /* Model for Realm */,
				CC715957298F85C500400F0B /* Question.swift */,
				CC7159672992CB0F00400F0B /* QuestionManager.swift */,
				D8FFD72A2995807500FFCED5 /* Player.swift */,
			);
			path = Model;
			sourceTree = "<group>";
		};
		CC71595A298F85F800400F0B /* View */ = {
			isa = PBXGroup;
			children = (
				D8E4318E2996540E00433492 /* Cell */,
				CC71595F299124FE00400F0B /* FinalView.swift */,
				CC7159612991471D00400F0B /* AnswerButton.swift */,
				CC7159652992390100400F0B /* PeoplesHelperView.swift */,
				CC7159692993E3BD00400F0B /* HelperButton.swift */,
				CC71597129956B8600400F0B /* GiveMyMoneyButton.swift */,
			);
			path = View;
			sourceTree = "<group>";
		};
		D85E5499298FB70B00BE7980 /* Applications */ = {
			isa = PBXGroup;
			children = (
				CC715942298F80CB00400F0B /* AppDelegate.swift */,
				CC715944298F80CB00400F0B /* SceneDelegate.swift */,
			);
			path = Applications;
			sourceTree = "<group>";
		};
		D85E549A298FB71900BE7980 /* Supporting files */ = {
			isa = PBXGroup;
			children = (
				CC71594B298F80CD00400F0B /* Assets.xcassets */,
				CC71594D298F80CD00400F0B /* LaunchScreen.storyboard */,
				CC715950298F80CD00400F0B /* Info.plist */,
			);
			path = "Supporting files";
			sourceTree = "<group>";
		};
		D85E549B29900AF400BE7980 /* Extensions */ = {
			isa = PBXGroup;
			children = (
				D85E549C29900B2600BE7980 /* UIFont + Extensions.swift */,
				D85E54A32990184D00BE7980 /* UIColor + Extensions.swift */,
				D85E54A529901E9500BE7980 /* String + Extensions.swift */,
				CC71596F29953D7300400F0B /* UIView + Extensions.swift */,
				D8FFD733299597F900FFCED5 /* UIViewController + Extensions.swift */,
				D8E431912996571700433492 /* UIStackView + Extension.swift */,
			);
			path = Extensions;
			sourceTree = "<group>";
		};
		D85E549E29900B9C00BE7980 /* Resources */ = {
			isa = PBXGroup;
			children = (
				565609332992B3630033EC81 /* Sounds */,
				565609342992B3780033EC81 /* Fonts */,
			);
			path = Resources;
			sourceTree = "<group>";
		};
		D8E4318E2996540E00433492 /* Cell */ = {
			isa = PBXGroup;
			children = (
				D8E4318F2996543D00433492 /* RatingCustomCell.swift */,
			);
			path = Cell;
			sourceTree = "<group>";
		};
		D8FFD7352995A93B00FFCED5 /* Model for Realm */ = {
			isa = PBXGroup;
			children = (
				D8FFD7362995A96000FFCED5 /* PlayerModel.swift */,
			);
			path = "Model for Realm";
			sourceTree = "<group>";
		};
		D8FFD7382995AA0D00FFCED5 /* Services */ = {
			isa = PBXGroup;
			children = (
				D8FFD7392995AA3A00FFCED5 /* RealmManager.swift */,
			);
			path = Services;
			sourceTree = "<group>";
		};
/* End PBXGroup section */

/* Begin PBXNativeTarget section */
		CC71593E298F80CB00400F0B /* CHALLENGE_1 */ = {
			isa = PBXNativeTarget;
			buildConfigurationList = CC715953298F80CD00400F0B /* Build configuration list for PBXNativeTarget "CHALLENGE_1" */;
			buildPhases = (
				CC71593B298F80CB00400F0B /* Sources */,
				CC71593C298F80CB00400F0B /* Frameworks */,
				CC71593D298F80CB00400F0B /* Resources */,
			);
			buildRules = (
			);
			dependencies = (
			);
			name = CHALLENGE_1;
			packageProductDependencies = (
				D8FFD72D2995875700FFCED5 /* Realm */,
				D8FFD72F2995875700FFCED5 /* RealmSwift */,
			);
			productName = CHALLENGE_1;
			productReference = CC71593F298F80CB00400F0B /* CHALLENGE_1.app */;
			productType = "com.apple.product-type.application";
		};
/* End PBXNativeTarget section */

/* Begin PBXProject section */
		CC715937298F80CB00400F0B /* Project object */ = {
			isa = PBXProject;
			attributes = {
				BuildIndependentTargetsInParallel = 1;
				LastSwiftUpdateCheck = 1420;
				LastUpgradeCheck = 1420;
				TargetAttributes = {
					CC71593E298F80CB00400F0B = {
						CreatedOnToolsVersion = 14.2;
					};
				};
			};
			buildConfigurationList = CC71593A298F80CB00400F0B /* Build configuration list for PBXProject "CHALLENGE_1" */;
			compatibilityVersion = "Xcode 14.0";
			developmentRegion = en;
			hasScannedForEncodings = 0;
			knownRegions = (
				en,
				Base,
			);
			mainGroup = CC715936298F80CB00400F0B;
			packageReferences = (
				D8FFD72C2995875700FFCED5 /* XCRemoteSwiftPackageReference "realm-swift" */,
			);
			productRefGroup = CC715940298F80CB00400F0B /* Products */;
			projectDirPath = "";
			projectRoot = "";
			targets = (
				CC71593E298F80CB00400F0B /* CHALLENGE_1 */,
			);
		};
/* End PBXProject section */

/* Begin PBXResourcesBuildPhase section */
		CC71593D298F80CB00400F0B /* Resources */ = {
			isa = PBXResourcesBuildPhase;
			buildActionMask = 2147483647;
			files = (
				CC715964299161B000400F0B /* questions.json in Resources */,
				56C4FDAD299508E2002B8FAF /* mainSound.mp3 in Resources */,
				D85E54A229900BE900BE7980 /* Roboto-Medium.ttf in Resources */,
				CC71594F298F80CD00400F0B /* LaunchScreen.storyboard in Resources */,
				56C4FDA8299505C0002B8FAF /* answerCorrect.mp3 in Resources */,
				56C4FDAB299505C0002B8FAF /* answerAccepted.mp3 in Resources */,
				56C4FDA9299505C0002B8FAF /* answerWrong.mp3 in Resources */,
				CC71594C298F80CD00400F0B /* Assets.xcassets in Resources */,
				56C4FDAA299505C0002B8FAF /* timeGoing.mp3 in Resources */,
				D85E54A129900BE900BE7980 /* Roboto-Bold.ttf in Resources */,
			);
			runOnlyForDeploymentPostprocessing = 0;
		};
/* End PBXResourcesBuildPhase section */

/* Begin PBXSourcesBuildPhase section */
		CC71593B298F80CB00400F0B /* Sources */ = {
			isa = PBXSourcesBuildPhase;
			buildActionMask = 2147483647;
			files = (
				D8FFD72B2995807500FFCED5 /* Player.swift in Sources */,
				CC71597029953D7300400F0B /* UIView + Extensions.swift in Sources */,
				18512B40298FD17700F71511 /* ProgressViewController.swift in Sources */,
				CC715947298F80CB00400F0B /* WelocmeViewController.swift in Sources */,
				D85E549D29900B2600BE7980 /* UIFont + Extensions.swift in Sources */,
				CC715947298F80CB00400F0B /* WelocmeViewController.swift in Sources */,
				D8E431922996571700433492 /* UIStackView + Extension.swift in Sources */,
				D85E54A829903D1F00BE7980 /* RuleViewController.swift in Sources */,
				CC71597229956B8600400F0B /* GiveMyMoneyButton.swift in Sources */,
				CC7159662992390200400F0B /* PeoplesHelperView.swift in Sources */,
				CC7159622991471D00400F0B /* AnswerButton.swift in Sources */,
				D8FFD7372995A96000FFCED5 /* PlayerModel.swift in Sources */,
				D8FFD732299588A500FFCED5 /* RegistrationVC.swift in Sources */,
				CC71597429969EA400400F0B /* SoundsManager + timer.swift in Sources */,
				CC715958298F85C500400F0B /* Question.swift in Sources */,
				D8E4318D29964A0600433492 /* RatingVC.swift in Sources */,
				D8FFD73A2995AA3A00FFCED5 /* RealmManager.swift in Sources */,
				D85E54A42990184D00BE7980 /* UIColor + Extensions.swift in Sources */,
				D8E431902996543D00433492 /* RatingCustomCell.swift in Sources */,
				CC715960299124FE00400F0B /* FinalView.swift in Sources */,
				CC715943298F80CB00400F0B /* AppDelegate.swift in Sources */,
				CC71595E2991245700400F0B /* FinalController.swift in Sources */,
				CC715945298F80CB00400F0B /* SceneDelegate.swift in Sources */,
				C3A13DB3298FC64600AE2302 /* MainViewController.swift in Sources */,
				C3A13DB5298FD79F00AE2302 /* GradientsColors.swift in Sources */,
				CC7159682992CB0F00400F0B /* QuestionManager.swift in Sources */,
				D85E54A629901E9500BE7980 /* String + Extensions.swift in Sources */,
				D8FFD734299597F900FFCED5 /* UIViewController + Extensions.swift in Sources */,
				CC71596A2993E3BD00400F0B /* HelperButton.swift in Sources */,
			);
			runOnlyForDeploymentPostprocessing = 0;
		};
/* End PBXSourcesBuildPhase section */

/* Begin PBXVariantGroup section */
		CC71594D298F80CD00400F0B /* LaunchScreen.storyboard */ = {
			isa = PBXVariantGroup;
			children = (
				CC71594E298F80CD00400F0B /* Base */,
			);
			name = LaunchScreen.storyboard;
			sourceTree = "<group>";
		};
/* End PBXVariantGroup section */

/* Begin XCBuildConfiguration section */
		CC715951298F80CD00400F0B /* Debug */ = {
			isa = XCBuildConfiguration;
			buildSettings = {
				ALWAYS_SEARCH_USER_PATHS = NO;
				CLANG_ANALYZER_NONNULL = YES;
				CLANG_ANALYZER_NUMBER_OBJECT_CONVERSION = YES_AGGRESSIVE;
				CLANG_CXX_LANGUAGE_STANDARD = "gnu++20";
				CLANG_ENABLE_MODULES = YES;
				CLANG_ENABLE_OBJC_ARC = YES;
				CLANG_ENABLE_OBJC_WEAK = YES;
				CLANG_WARN_BLOCK_CAPTURE_AUTORELEASING = YES;
				CLANG_WARN_BOOL_CONVERSION = YES;
				CLANG_WARN_COMMA = YES;
				CLANG_WARN_CONSTANT_CONVERSION = YES;
				CLANG_WARN_DEPRECATED_OBJC_IMPLEMENTATIONS = YES;
				CLANG_WARN_DIRECT_OBJC_ISA_USAGE = YES_ERROR;
				CLANG_WARN_DOCUMENTATION_COMMENTS = YES;
				CLANG_WARN_EMPTY_BODY = YES;
				CLANG_WARN_ENUM_CONVERSION = YES;
				CLANG_WARN_INFINITE_RECURSION = YES;
				CLANG_WARN_INT_CONVERSION = YES;
				CLANG_WARN_NON_LITERAL_NULL_CONVERSION = YES;
				CLANG_WARN_OBJC_IMPLICIT_RETAIN_SELF = YES;
				CLANG_WARN_OBJC_LITERAL_CONVERSION = YES;
				CLANG_WARN_OBJC_ROOT_CLASS = YES_ERROR;
				CLANG_WARN_QUOTED_INCLUDE_IN_FRAMEWORK_HEADER = YES;
				CLANG_WARN_RANGE_LOOP_ANALYSIS = YES;
				CLANG_WARN_STRICT_PROTOTYPES = YES;
				CLANG_WARN_SUSPICIOUS_MOVE = YES;
				CLANG_WARN_UNGUARDED_AVAILABILITY = YES_AGGRESSIVE;
				CLANG_WARN_UNREACHABLE_CODE = YES;
				CLANG_WARN__DUPLICATE_METHOD_MATCH = YES;
				COPY_PHASE_STRIP = NO;
				DEBUG_INFORMATION_FORMAT = dwarf;
				ENABLE_STRICT_OBJC_MSGSEND = YES;
				ENABLE_TESTABILITY = YES;
				GCC_C_LANGUAGE_STANDARD = gnu11;
				GCC_DYNAMIC_NO_PIC = NO;
				GCC_NO_COMMON_BLOCKS = YES;
				GCC_OPTIMIZATION_LEVEL = 0;
				GCC_PREPROCESSOR_DEFINITIONS = (
					"DEBUG=1",
					"$(inherited)",
				);
				GCC_WARN_64_TO_32_BIT_CONVERSION = YES;
				GCC_WARN_ABOUT_RETURN_TYPE = YES_ERROR;
				GCC_WARN_UNDECLARED_SELECTOR = YES;
				GCC_WARN_UNINITIALIZED_AUTOS = YES_AGGRESSIVE;
				GCC_WARN_UNUSED_FUNCTION = YES;
				GCC_WARN_UNUSED_VARIABLE = YES;
				IPHONEOS_DEPLOYMENT_TARGET = 16.2;
				MTL_ENABLE_DEBUG_INFO = INCLUDE_SOURCE;
				MTL_FAST_MATH = YES;
				ONLY_ACTIVE_ARCH = YES;
				SDKROOT = iphoneos;
				SWIFT_ACTIVE_COMPILATION_CONDITIONS = DEBUG;
				SWIFT_OPTIMIZATION_LEVEL = "-Onone";
			};
			name = Debug;
		};
		CC715952298F80CD00400F0B /* Release */ = {
			isa = XCBuildConfiguration;
			buildSettings = {
				ALWAYS_SEARCH_USER_PATHS = NO;
				CLANG_ANALYZER_NONNULL = YES;
				CLANG_ANALYZER_NUMBER_OBJECT_CONVERSION = YES_AGGRESSIVE;
				CLANG_CXX_LANGUAGE_STANDARD = "gnu++20";
				CLANG_ENABLE_MODULES = YES;
				CLANG_ENABLE_OBJC_ARC = YES;
				CLANG_ENABLE_OBJC_WEAK = YES;
				CLANG_WARN_BLOCK_CAPTURE_AUTORELEASING = YES;
				CLANG_WARN_BOOL_CONVERSION = YES;
				CLANG_WARN_COMMA = YES;
				CLANG_WARN_CONSTANT_CONVERSION = YES;
				CLANG_WARN_DEPRECATED_OBJC_IMPLEMENTATIONS = YES;
				CLANG_WARN_DIRECT_OBJC_ISA_USAGE = YES_ERROR;
				CLANG_WARN_DOCUMENTATION_COMMENTS = YES;
				CLANG_WARN_EMPTY_BODY = YES;
				CLANG_WARN_ENUM_CONVERSION = YES;
				CLANG_WARN_INFINITE_RECURSION = YES;
				CLANG_WARN_INT_CONVERSION = YES;
				CLANG_WARN_NON_LITERAL_NULL_CONVERSION = YES;
				CLANG_WARN_OBJC_IMPLICIT_RETAIN_SELF = YES;
				CLANG_WARN_OBJC_LITERAL_CONVERSION = YES;
				CLANG_WARN_OBJC_ROOT_CLASS = YES_ERROR;
				CLANG_WARN_QUOTED_INCLUDE_IN_FRAMEWORK_HEADER = YES;
				CLANG_WARN_RANGE_LOOP_ANALYSIS = YES;
				CLANG_WARN_STRICT_PROTOTYPES = YES;
				CLANG_WARN_SUSPICIOUS_MOVE = YES;
				CLANG_WARN_UNGUARDED_AVAILABILITY = YES_AGGRESSIVE;
				CLANG_WARN_UNREACHABLE_CODE = YES;
				CLANG_WARN__DUPLICATE_METHOD_MATCH = YES;
				COPY_PHASE_STRIP = NO;
				DEBUG_INFORMATION_FORMAT = "dwarf-with-dsym";
				ENABLE_NS_ASSERTIONS = NO;
				ENABLE_STRICT_OBJC_MSGSEND = YES;
				GCC_C_LANGUAGE_STANDARD = gnu11;
				GCC_NO_COMMON_BLOCKS = YES;
				GCC_WARN_64_TO_32_BIT_CONVERSION = YES;
				GCC_WARN_ABOUT_RETURN_TYPE = YES_ERROR;
				GCC_WARN_UNDECLARED_SELECTOR = YES;
				GCC_WARN_UNINITIALIZED_AUTOS = YES_AGGRESSIVE;
				GCC_WARN_UNUSED_FUNCTION = YES;
				GCC_WARN_UNUSED_VARIABLE = YES;
				IPHONEOS_DEPLOYMENT_TARGET = 16.2;
				MTL_ENABLE_DEBUG_INFO = NO;
				MTL_FAST_MATH = YES;
				SDKROOT = iphoneos;
				SWIFT_COMPILATION_MODE = wholemodule;
				SWIFT_OPTIMIZATION_LEVEL = "-O";
				VALIDATE_PRODUCT = YES;
			};
			name = Release;
		};
		CC715954298F80CD00400F0B /* Debug */ = {
			isa = XCBuildConfiguration;
			buildSettings = {
				ASSETCATALOG_COMPILER_APPICON_NAME = AppIcon;
				ASSETCATALOG_COMPILER_GLOBAL_ACCENT_COLOR_NAME = AccentColor;
				CODE_SIGN_STYLE = Automatic;
				CURRENT_PROJECT_VERSION = 1;
				GENERATE_INFOPLIST_FILE = YES;
				INFOPLIST_FILE = "CHALLENGE_1/Supporting files/Info.plist";
				INFOPLIST_KEY_UIApplicationSupportsIndirectInputEvents = YES;
				INFOPLIST_KEY_UILaunchStoryboardName = LaunchScreen;
				INFOPLIST_KEY_UISupportedInterfaceOrientations = UIInterfaceOrientationPortrait;
				INFOPLIST_KEY_UISupportedInterfaceOrientations_iPad = "UIInterfaceOrientationLandscapeLeft UIInterfaceOrientationLandscapeRight UIInterfaceOrientationPortrait UIInterfaceOrientationPortraitUpsideDown";
				IPHONEOS_DEPLOYMENT_TARGET = 13.0;
				LD_RUNPATH_SEARCH_PATHS = (
					"$(inherited)",
					"@executable_path/Frameworks",
				);
				MARKETING_VERSION = 1.0;
				PRODUCT_BUNDLE_IDENTIFIER = "home.CHALLENGE-1";
				PRODUCT_NAME = "$(TARGET_NAME)";
				SUPPORTED_PLATFORMS = "iphoneos iphonesimulator";
				SUPPORTS_MACCATALYST = NO;
				SUPPORTS_MAC_DESIGNED_FOR_IPHONE_IPAD = YES;
				SWIFT_EMIT_LOC_STRINGS = YES;
				SWIFT_VERSION = 5.0;
				TARGETED_DEVICE_FAMILY = 1;
			};
			name = Debug;
		};
		CC715955298F80CD00400F0B /* Release */ = {
			isa = XCBuildConfiguration;
			buildSettings = {
				ASSETCATALOG_COMPILER_APPICON_NAME = AppIcon;
				ASSETCATALOG_COMPILER_GLOBAL_ACCENT_COLOR_NAME = AccentColor;
				CODE_SIGN_STYLE = Automatic;
				CURRENT_PROJECT_VERSION = 1;
				GENERATE_INFOPLIST_FILE = YES;
				INFOPLIST_FILE = "CHALLENGE_1/Supporting files/Info.plist";
				INFOPLIST_KEY_UIApplicationSupportsIndirectInputEvents = YES;
				INFOPLIST_KEY_UILaunchStoryboardName = LaunchScreen;
				INFOPLIST_KEY_UISupportedInterfaceOrientations = UIInterfaceOrientationPortrait;
				INFOPLIST_KEY_UISupportedInterfaceOrientations_iPad = "UIInterfaceOrientationLandscapeLeft UIInterfaceOrientationLandscapeRight UIInterfaceOrientationPortrait UIInterfaceOrientationPortraitUpsideDown";
				IPHONEOS_DEPLOYMENT_TARGET = 13.0;
				LD_RUNPATH_SEARCH_PATHS = (
					"$(inherited)",
					"@executable_path/Frameworks",
				);
				MARKETING_VERSION = 1.0;
				PRODUCT_BUNDLE_IDENTIFIER = "home.CHALLENGE-1";
				PRODUCT_NAME = "$(TARGET_NAME)";
				SUPPORTED_PLATFORMS = "iphoneos iphonesimulator";
				SUPPORTS_MACCATALYST = NO;
				SUPPORTS_MAC_DESIGNED_FOR_IPHONE_IPAD = YES;
				SWIFT_EMIT_LOC_STRINGS = YES;
				SWIFT_VERSION = 5.0;
				TARGETED_DEVICE_FAMILY = 1;
			};
			name = Release;
		};
/* End XCBuildConfiguration section */

/* Begin XCConfigurationList section */
		CC71593A298F80CB00400F0B /* Build configuration list for PBXProject "CHALLENGE_1" */ = {
			isa = XCConfigurationList;
			buildConfigurations = (
				CC715951298F80CD00400F0B /* Debug */,
				CC715952298F80CD00400F0B /* Release */,
			);
			defaultConfigurationIsVisible = 0;
			defaultConfigurationName = Release;
		};
		CC715953298F80CD00400F0B /* Build configuration list for PBXNativeTarget "CHALLENGE_1" */ = {
			isa = XCConfigurationList;
			buildConfigurations = (
				CC715954298F80CD00400F0B /* Debug */,
				CC715955298F80CD00400F0B /* Release */,
			);
			defaultConfigurationIsVisible = 0;
			defaultConfigurationName = Release;
		};
/* End XCConfigurationList section */

/* Begin XCRemoteSwiftPackageReference section */
		D8FFD72C2995875700FFCED5 /* XCRemoteSwiftPackageReference "realm-swift" */ = {
			isa = XCRemoteSwiftPackageReference;
			repositoryURL = "https://github.com/realm/realm-swift.git";
			requirement = {
				branch = master;
				kind = branch;
			};
		};
/* End XCRemoteSwiftPackageReference section */

/* Begin XCSwiftPackageProductDependency section */
		D8FFD72D2995875700FFCED5 /* Realm */ = {
			isa = XCSwiftPackageProductDependency;
			package = D8FFD72C2995875700FFCED5 /* XCRemoteSwiftPackageReference "realm-swift" */;
			productName = Realm;
		};
		D8FFD72F2995875700FFCED5 /* RealmSwift */ = {
			isa = XCSwiftPackageProductDependency;
			package = D8FFD72C2995875700FFCED5 /* XCRemoteSwiftPackageReference "realm-swift" */;
			productName = RealmSwift;
		};
/* End XCSwiftPackageProductDependency section */
	};
	rootObject = CC715937298F80CB00400F0B /* Project object */;
}
